
Microsoft Visual Studio Solution File, Format Version 12.00
# Visual Studio Version 17
VisualStudioVersion = 17.14.36811.4
MinimumVisualStudioVersion = 10.0.40219.1
Project("{FAE04EC0-301F-11D3-BF4B-00C04F79EFBC}") = "CSharp101.Variables", "CSharp101.Variables\CSharp101.Variables.csproj", "{001C00AE-4F4F-4DB5-AB0E-E99642D57383}"
EndProject
Project("{FAE04EC0-301F-11D3-BF4B-00C04F79EFBC}") = "MainScope", "MainScope\MainScope.csproj", "{0858A4A9-1C0B-4BB3-8B44-D48C547D039F}"
EndProject
Project("{2150E333-8FDC-42A3-9474-1A3956D46DE8}") = "Ders2", "Ders2", "{02EA681E-C7D8-13C7-8484-4AC65E1B71E8}"
EndProject
Project("{FAE04EC0-301F-11D3-BF4B-00C04F79EFBC}") = "FormApp", "FormApp\FormApp.csproj", "{0A633E2D-4710-4DAB-AE9A-DBD951E59425}"
EndProject
Project("{FAE04EC0-301F-11D3-BF4B-00C04F79EFBC}") = "CSharp101.ConvertToType", "CSharp101.ConvertToType\CSharp101.ConvertToType.csproj", "{A3D5B1FB-9EEF-4407-A893-3BE927C5B15D}"
EndProject
Project("{FAE04EC0-301F-11D3-BF4B-00C04F79EFBC}") = "CSharp101.ConvertExample", "CSharp101.ConvertExample\CSharp101.ConvertExample.csproj", "{7B3B6BA3-FA3C-443C-A8C3-2C0FBEC2B0CA}"
EndProject
Project("{2150E333-8FDC-42A3-9474-1A3956D46DE8}") = "Ders3", "Ders3", "{E4B59D9B-0B46-42E3-A8A8-20A1C6ABD52A}"
EndProject
Project("{FAE04EC0-301F-11D3-BF4B-00C04F79EFBC}") = "CSharp101.Operators", "CSharp101.Operators\CSharp101.Operators.csproj", "{D0D375ED-0C0F-40F5-B01A-2DEB85F4E698}"
EndProject
Project("{2150E333-8FDC-42A3-9474-1A3956D46DE8}") = "Ders4", "Ders4", "{570875EF-DD84-4682-9240-E844BD431B61}"
EndProject
Project("{FAE04EC0-301F-11D3-BF4B-00C04F79EFBC}") = "CSharp101.DecisionStructures", "CSharp101.DecisionStructures\CSharp101.DecisionStructures.csproj", "{3772F7A2-CE0B-4B18-8FB9-FB4C87C8D1EC}"
EndProject
Project("{FAE04EC0-301F-11D3-BF4B-00C04F79EFBC}") = "CSharp101.Loops", "CSharp101.Loops\CSharp101.Loops.csproj", "{C1A3769D-ECA8-477A-B09A-B0B66F7C83A4}"
EndProject
Project("{2150E333-8FDC-42A3-9474-1A3956D46DE8}") = "Ders5", "Ders5", "{13C5AA96-182E-4DB8-ABC4-0338E5E4B7D8}"
EndProject
Project("{FAE04EC0-301F-11D3-BF4B-00C04F79EFBC}") = "CSharp101.Methods", "CSharp101.Methods\CSharp101.Methods.csproj", "{4B63B98D-2448-43FB-B44A-411919637768}"
EndProject
Project("{FAE04EC0-301F-11D3-BF4B-00C04F79EFBC}") = "CSharp101.MethodsExam", "CSharp101.MethodsExam\CSharp101.MethodsExam.csproj", "{4F4A1DF3-16F1-47E2-A170-36F708B36DF4}"
EndProject
Project("{2150E333-8FDC-42A3-9474-1A3956D46DE8}") = "ODEV", "ODEV", "{3647555E-DB7C-4E03-946A-D5087C91EBA1}"
EndProject
Project("{FAE04EC0-301F-11D3-BF4B-00C04F79EFBC}") = "CSharp101.Odev1", "CSharp101.Odev1\CSharp101.Odev1.csproj", "{1C6C1607-A2E8-431A-A07E-D5210D03D413}"
EndProject
Project("{FAE04EC0-301F-11D3-BF4B-00C04F79EFBC}") = "CSharp101.Odev2", "CSharp101.Odev2\CSharp101.Odev2.csproj", "{62566F3F-F68A-422E-81BD-DF7C1545D7CC}"
EndProject
Project("{FAE04EC0-301F-11D3-BF4B-00C04F79EFBC}") = "CSharp101.ForInFor", "CSharp101.ForInFor\CSharp101.ForInFor.csproj", "{917F8481-1888-4FDE-8A58-C716145BD648}"
EndProject
Project("{2150E333-8FDC-42A3-9474-1A3956D46DE8}") = "Ders6", "Ders6", "{6C6A4D5E-56CF-49B9-A5EB-6ACA765BDAC8}"
EndProject
Project("{FAE04EC0-301F-11D3-BF4B-00C04F79EFBC}") = "CSharp101.BreakAndContinue", "CSharp101.BreakAndContinue\CSharp101.BreakAndContinue.csproj", "{E927F3C8-E9A5-4D6D-BE7E-903E1101832E}"
EndProject
Project("{FAE04EC0-301F-11D3-BF4B-00C04F79EFBC}") = "CSharp101.Methods2", "CSharp101.Methods2\CSharp101.Methods2.csproj", "{1D8B485F-34BD-4B8A-ABFC-5CBF2519B0A7}"
EndProject
Project("{FAE04EC0-301F-11D3-BF4B-00C04F79EFBC}") = "CSharp101.Arrays", "CSharp101.Arrays\CSharp101.Arrays.csproj", "{C645D6C4-F553-47C6-875D-DCEDDF9A683B}"
EndProject
Project("{FAE04EC0-301F-11D3-BF4B-00C04F79EFBC}") = "CSharp101.RuzgarGulu", "CSharp101.RuzgarGulu\CSharp101.RuzgarGulu.csproj", "{0D639799-891B-4FD3-ABC2-3F4CEBD4879F}"
EndProject
Project("{2150E333-8FDC-42A3-9474-1A3956D46DE8}") = "Solution Items", "Solution Items", "{EF8F8D77-2066-49D7-98DB-ED4F7E4DA8DD}"
EndProject
Project("{FAE04EC0-301F-11D3-BF4B-00C04F79EFBC}") = "CSharp101.RastgeleDizi", "CSharp101.RastgeleDizi\CSharp101.RastgeleDizi.csproj", "{B9CEE644-4EFD-4771-84A5-1EA3561E0ECC}"
EndProject
Project("{2150E333-8FDC-42A3-9474-1A3956D46DE8}") = "Ders7", "Ders7", "{DF5BF64E-B00E-4F58-A256-898EC17A96C4}"
EndProject
Project("{FAE04EC0-301F-11D3-BF4B-00C04F79EFBC}") = "CSharp101.Classes", "CSharp101.Classes\CSharp101.Classes.csproj", "{A13FEED7-FE7E-423D-BF62-AC59886E9752}"
EndProject
Project("{FAE04EC0-301F-11D3-BF4B-00C04F79EFBC}") = "CSharp101.StudentNotes", "CSharp101.StudentNotes\CSharp101.StudentNotes.csproj", "{C722B043-4931-46A5-892B-30843D5385ED}"
EndProject
Project("{FAE04EC0-301F-11D3-BF4B-00C04F79EFBC}") = "CSharp101.OgrenciNotlari", "CSharp101.OgrenciNotlari\CSharp101.OgrenciNotlari.csproj", "{10DE826E-88FB-404F-B98E-C33291FCF586}"
EndProject
Project("{FAE04EC0-301F-11D3-BF4B-00C04F79EFBC}") = "CSharp101.MatrisNotlar", "CSharp101.MatrisNotlar\CSharp101.MatrisNotlar.csproj", "{912C87C1-EE53-42B7-AFAE-5D85BC6D310E}"
EndProject
Project("{2150E333-8FDC-42A3-9474-1A3956D46DE8}") = "Ders8", "Ders8", "{44D5A679-A840-4D12-8340-F0E5CA40A295}"
EndProject
Project("{FAE04EC0-301F-11D3-BF4B-00C04F79EFBC}") = "CSharp101.ClassApp", "CSharp101.ClassApp\CSharp101.ClassApp.csproj", "{1C142AC5-2BF3-4718-BD69-AEFAE8C9851E}"
EndProject
Project("{2150E333-8FDC-42A3-9474-1A3956D46DE8}") = "Workshop", "Workshop", "{3CF50A9A-3B21-4D24-A4B0-0DF0A955C4F3}"
EndProject
Project("{FAE04EC0-301F-11D3-BF4B-00C04F79EFBC}") = "CSharp101.ETradeWinForm", "CSharp101.ETradeWinForm\CSharp101.ETradeWinForm.csproj", "{A6697BCC-099F-493D-AC38-01F40972A28B}"
EndProject
Project("{FAE04EC0-301F-11D3-BF4B-00C04F79EFBC}") = "CSharp101.Constructors", "CSharp101.Constructors\CSharp101.Constructors.csproj", "{D44E38B4-3260-47B5-81E3-47EF045EBEF2}"
EndProject
Project("{2150E333-8FDC-42A3-9474-1A3956D46DE8}") = "Projeler", "Projeler", "{69E42818-847A-4129-A929-78B3C8BE9A04}"
EndProject
Project("{FAE04EC0-301F-11D3-BF4B-00C04F79EFBC}") = "ClassesForm", "ClassesForm\ClassesForm.csproj", "{E57EF736-0B7C-4649-ACE6-5EA1DCDAB700}"
EndProject
Project("{FAE04EC0-301F-11D3-BF4B-00C04F79EFBC}") = "CSharp101.ClassAndConstructor", "CSharp101.ClassAndConstructor\CSharp101.ClassAndConstructor.csproj", "{A34BBAEB-490D-4658-9803-D7559E1AB101}"
EndProject
Project("{FAE04EC0-301F-11D3-BF4B-00C04F79EFBC}") = "CSharp101.ListDbApp", "CSharp101.ListDbApp\CSharp101.ListDbApp.csproj", "{D8A5B394-21A2-4D65-B448-8E1DC55BE416}"
EndProject
Project("{2150E333-8FDC-42A3-9474-1A3956D46DE8}") = "Ders9", "Ders9", "{00AF2E5A-6279-4DD6-B690-798B2CE555F4}"
EndProject
Project("{FAE04EC0-301F-11D3-BF4B-00C04F79EFBC}") = "CSharp101.OgrenciYoklama", "CSharp101.OgrenciYoklama\CSharp101.OgrenciYoklama.csproj", "{054E615E-543E-46A2-BEC3-A8E7B7F53BA4}"
EndProject
Project("{FAE04EC0-301F-11D3-BF4B-00C04F79EFBC}") = "CSharp101.DbConnect", "CSharp101.DbConnect\CSharp101.DbConnect.csproj", "{DB27C0F2-D000-4607-8AD6-F4E9D7E971F8}"
EndProject
Project("{2150E333-8FDC-42A3-9474-1A3956D46DE8}") = "InterfaceAndGeneric", "InterfaceAndGeneric", "{12213C4C-8399-4311-B428-4924973A8403}"
EndProject
Project("{FAE04EC0-301F-11D3-BF4B-00C04F79EFBC}") = "InterfaceExample.Entity", "InterfaceExample.Entity\InterfaceExample.Entity.csproj", "{E3176D42-19CC-4768-B9BE-DD79CEF51C90}"
EndProject
Project("{FAE04EC0-301F-11D3-BF4B-00C04F79EFBC}") = "DataAccess", "DataAccess\DataAccess.csproj", "{8DC45FFD-565A-433C-8638-23DB09189DE2}"
EndProject
Project("{FAE04EC0-301F-11D3-BF4B-00C04F79EFBC}") = "WinFormUIApp", "WinFormUIApp\WinFormUIApp.csproj", "{FE8E08AE-BBE5-40F4-82D0-F88666FB12B9}"
EndProject
Project("{FAE04EC0-301F-11D3-BF4B-00C04F79EFBC}") = "InterfaceAndGeneric.Business", "InterfaceAndGeneric.Business\InterfaceAndGeneric.Business.csproj", "{4155BD72-FE4E-475A-88F6-6763736906FC}"
EndProject
Global
	GlobalSection(SolutionConfigurationPlatforms) = preSolution
		Debug|Any CPU = Debug|Any CPU
		Release|Any CPU = Release|Any CPU
	EndGlobalSection
	GlobalSection(ProjectConfigurationPlatforms) = postSolution
		{001C00AE-4F4F-4DB5-AB0E-E99642D57383}.Debug|Any CPU.ActiveCfg = Debug|Any CPU
		{001C00AE-4F4F-4DB5-AB0E-E99642D57383}.Debug|Any CPU.Build.0 = Debug|Any CPU
		{001C00AE-4F4F-4DB5-AB0E-E99642D57383}.Release|Any CPU.ActiveCfg = Release|Any CPU
		{001C00AE-4F4F-4DB5-AB0E-E99642D57383}.Release|Any CPU.Build.0 = Release|Any CPU
		{0858A4A9-1C0B-4BB3-8B44-D48C547D039F}.Debug|Any CPU.ActiveCfg = Debug|Any CPU
		{0858A4A9-1C0B-4BB3-8B44-D48C547D039F}.Debug|Any CPU.Build.0 = Debug|Any CPU
		{0858A4A9-1C0B-4BB3-8B44-D48C547D039F}.Release|Any CPU.ActiveCfg = Release|Any CPU
		{0858A4A9-1C0B-4BB3-8B44-D48C547D039F}.Release|Any CPU.Build.0 = Release|Any CPU
		{0A633E2D-4710-4DAB-AE9A-DBD951E59425}.Debug|Any CPU.ActiveCfg = Debug|Any CPU
		{0A633E2D-4710-4DAB-AE9A-DBD951E59425}.Debug|Any CPU.Build.0 = Debug|Any CPU
		{0A633E2D-4710-4DAB-AE9A-DBD951E59425}.Release|Any CPU.ActiveCfg = Release|Any CPU
		{0A633E2D-4710-4DAB-AE9A-DBD951E59425}.Release|Any CPU.Build.0 = Release|Any CPU
		{A3D5B1FB-9EEF-4407-A893-3BE927C5B15D}.Debug|Any CPU.ActiveCfg = Debug|Any CPU
		{A3D5B1FB-9EEF-4407-A893-3BE927C5B15D}.Debug|Any CPU.Build.0 = Debug|Any CPU
		{A3D5B1FB-9EEF-4407-A893-3BE927C5B15D}.Release|Any CPU.ActiveCfg = Release|Any CPU
		{A3D5B1FB-9EEF-4407-A893-3BE927C5B15D}.Release|Any CPU.Build.0 = Release|Any CPU
		{7B3B6BA3-FA3C-443C-A8C3-2C0FBEC2B0CA}.Debug|Any CPU.ActiveCfg = Debug|Any CPU
		{7B3B6BA3-FA3C-443C-A8C3-2C0FBEC2B0CA}.Debug|Any CPU.Build.0 = Debug|Any CPU
		{7B3B6BA3-FA3C-443C-A8C3-2C0FBEC2B0CA}.Release|Any CPU.ActiveCfg = Release|Any CPU
		{7B3B6BA3-FA3C-443C-A8C3-2C0FBEC2B0CA}.Release|Any CPU.Build.0 = Release|Any CPU
		{D0D375ED-0C0F-40F5-B01A-2DEB85F4E698}.Debug|Any CPU.ActiveCfg = Debug|Any CPU
		{D0D375ED-0C0F-40F5-B01A-2DEB85F4E698}.Debug|Any CPU.Build.0 = Debug|Any CPU
		{D0D375ED-0C0F-40F5-B01A-2DEB85F4E698}.Release|Any CPU.ActiveCfg = Release|Any CPU
		{D0D375ED-0C0F-40F5-B01A-2DEB85F4E698}.Release|Any CPU.Build.0 = Release|Any CPU
		{3772F7A2-CE0B-4B18-8FB9-FB4C87C8D1EC}.Debug|Any CPU.ActiveCfg = Debug|Any CPU
		{3772F7A2-CE0B-4B18-8FB9-FB4C87C8D1EC}.Debug|Any CPU.Build.0 = Debug|Any CPU
		{3772F7A2-CE0B-4B18-8FB9-FB4C87C8D1EC}.Release|Any CPU.ActiveCfg = Release|Any CPU
		{3772F7A2-CE0B-4B18-8FB9-FB4C87C8D1EC}.Release|Any CPU.Build.0 = Release|Any CPU
		{C1A3769D-ECA8-477A-B09A-B0B66F7C83A4}.Debug|Any CPU.ActiveCfg = Debug|Any CPU
		{C1A3769D-ECA8-477A-B09A-B0B66F7C83A4}.Debug|Any CPU.Build.0 = Debug|Any CPU
		{C1A3769D-ECA8-477A-B09A-B0B66F7C83A4}.Release|Any CPU.ActiveCfg = Release|Any CPU
		{C1A3769D-ECA8-477A-B09A-B0B66F7C83A4}.Release|Any CPU.Build.0 = Release|Any CPU
		{4B63B98D-2448-43FB-B44A-411919637768}.Debug|Any CPU.ActiveCfg = Debug|Any CPU
		{4B63B98D-2448-43FB-B44A-411919637768}.Debug|Any CPU.Build.0 = Debug|Any CPU
		{4B63B98D-2448-43FB-B44A-411919637768}.Release|Any CPU.ActiveCfg = Release|Any CPU
		{4B63B98D-2448-43FB-B44A-411919637768}.Release|Any CPU.Build.0 = Release|Any CPU
		{4F4A1DF3-16F1-47E2-A170-36F708B36DF4}.Debug|Any CPU.ActiveCfg = Debug|Any CPU
		{4F4A1DF3-16F1-47E2-A170-36F708B36DF4}.Debug|Any CPU.Build.0 = Debug|Any CPU
		{4F4A1DF3-16F1-47E2-A170-36F708B36DF4}.Release|Any CPU.ActiveCfg = Release|Any CPU
		{4F4A1DF3-16F1-47E2-A170-36F708B36DF4}.Release|Any CPU.Build.0 = Release|Any CPU
		{1C6C1607-A2E8-431A-A07E-D5210D03D413}.Debug|Any CPU.ActiveCfg = Debug|Any CPU
		{1C6C1607-A2E8-431A-A07E-D5210D03D413}.Debug|Any CPU.Build.0 = Debug|Any CPU
		{1C6C1607-A2E8-431A-A07E-D5210D03D413}.Release|Any CPU.ActiveCfg = Release|Any CPU
		{1C6C1607-A2E8-431A-A07E-D5210D03D413}.Release|Any CPU.Build.0 = Release|Any CPU
		{62566F3F-F68A-422E-81BD-DF7C1545D7CC}.Debug|Any CPU.ActiveCfg = Debug|Any CPU
		{62566F3F-F68A-422E-81BD-DF7C1545D7CC}.Debug|Any CPU.Build.0 = Debug|Any CPU
		{62566F3F-F68A-422E-81BD-DF7C1545D7CC}.Release|Any CPU.ActiveCfg = Release|Any CPU
		{62566F3F-F68A-422E-81BD-DF7C1545D7CC}.Release|Any CPU.Build.0 = Release|Any CPU
		{917F8481-1888-4FDE-8A58-C716145BD648}.Debug|Any CPU.ActiveCfg = Debug|Any CPU
		{917F8481-1888-4FDE-8A58-C716145BD648}.Debug|Any CPU.Build.0 = Debug|Any CPU
		{917F8481-1888-4FDE-8A58-C716145BD648}.Release|Any CPU.ActiveCfg = Release|Any CPU
		{917F8481-1888-4FDE-8A58-C716145BD648}.Release|Any CPU.Build.0 = Release|Any CPU
		{E927F3C8-E9A5-4D6D-BE7E-903E1101832E}.Debug|Any CPU.ActiveCfg = Debug|Any CPU
		{E927F3C8-E9A5-4D6D-BE7E-903E1101832E}.Debug|Any CPU.Build.0 = Debug|Any CPU
		{E927F3C8-E9A5-4D6D-BE7E-903E1101832E}.Release|Any CPU.ActiveCfg = Release|Any CPU
		{E927F3C8-E9A5-4D6D-BE7E-903E1101832E}.Release|Any CPU.Build.0 = Release|Any CPU
		{1D8B485F-34BD-4B8A-ABFC-5CBF2519B0A7}.Debug|Any CPU.ActiveCfg = Debug|Any CPU
		{1D8B485F-34BD-4B8A-ABFC-5CBF2519B0A7}.Debug|Any CPU.Build.0 = Debug|Any CPU
		{1D8B485F-34BD-4B8A-ABFC-5CBF2519B0A7}.Release|Any CPU.ActiveCfg = Release|Any CPU
		{1D8B485F-34BD-4B8A-ABFC-5CBF2519B0A7}.Release|Any CPU.Build.0 = Release|Any CPU
		{C645D6C4-F553-47C6-875D-DCEDDF9A683B}.Debug|Any CPU.ActiveCfg = Debug|Any CPU
		{C645D6C4-F553-47C6-875D-DCEDDF9A683B}.Debug|Any CPU.Build.0 = Debug|Any CPU
		{C645D6C4-F553-47C6-875D-DCEDDF9A683B}.Release|Any CPU.ActiveCfg = Release|Any CPU
		{C645D6C4-F553-47C6-875D-DCEDDF9A683B}.Release|Any CPU.Build.0 = Release|Any CPU
		{0D639799-891B-4FD3-ABC2-3F4CEBD4879F}.Debug|Any CPU.ActiveCfg = Debug|Any CPU
		{0D639799-891B-4FD3-ABC2-3F4CEBD4879F}.Debug|Any CPU.Build.0 = Debug|Any CPU
		{0D639799-891B-4FD3-ABC2-3F4CEBD4879F}.Release|Any CPU.ActiveCfg = Release|Any CPU
		{0D639799-891B-4FD3-ABC2-3F4CEBD4879F}.Release|Any CPU.Build.0 = Release|Any CPU
		{B9CEE644-4EFD-4771-84A5-1EA3561E0ECC}.Debug|Any CPU.ActiveCfg = Debug|Any CPU
		{B9CEE644-4EFD-4771-84A5-1EA3561E0ECC}.Debug|Any CPU.Build.0 = Debug|Any CPU
		{B9CEE644-4EFD-4771-84A5-1EA3561E0ECC}.Release|Any CPU.ActiveCfg = Release|Any CPU
		{B9CEE644-4EFD-4771-84A5-1EA3561E0ECC}.Release|Any CPU.Build.0 = Release|Any CPU
		{A13FEED7-FE7E-423D-BF62-AC59886E9752}.Debug|Any CPU.ActiveCfg = Debug|Any CPU
		{A13FEED7-FE7E-423D-BF62-AC59886E9752}.Debug|Any CPU.Build.0 = Debug|Any CPU
		{A13FEED7-FE7E-423D-BF62-AC59886E9752}.Release|Any CPU.ActiveCfg = Release|Any CPU
		{A13FEED7-FE7E-423D-BF62-AC59886E9752}.Release|Any CPU.Build.0 = Release|Any CPU
		{C722B043-4931-46A5-892B-30843D5385ED}.Debug|Any CPU.ActiveCfg = Debug|Any CPU
		{C722B043-4931-46A5-892B-30843D5385ED}.Debug|Any CPU.Build.0 = Debug|Any CPU
		{C722B043-4931-46A5-892B-30843D5385ED}.Release|Any CPU.ActiveCfg = Release|Any CPU
		{C722B043-4931-46A5-892B-30843D5385ED}.Release|Any CPU.Build.0 = Release|Any CPU
		{10DE826E-88FB-404F-B98E-C33291FCF586}.Debug|Any CPU.ActiveCfg = Debug|Any CPU
		{10DE826E-88FB-404F-B98E-C33291FCF586}.Debug|Any CPU.Build.0 = Debug|Any CPU
		{10DE826E-88FB-404F-B98E-C33291FCF586}.Release|Any CPU.ActiveCfg = Release|Any CPU
		{10DE826E-88FB-404F-B98E-C33291FCF586}.Release|Any CPU.Build.0 = Release|Any CPU
		{912C87C1-EE53-42B7-AFAE-5D85BC6D310E}.Debug|Any CPU.ActiveCfg = Debug|Any CPU
		{912C87C1-EE53-42B7-AFAE-5D85BC6D310E}.Debug|Any CPU.Build.0 = Debug|Any CPU
		{912C87C1-EE53-42B7-AFAE-5D85BC6D310E}.Release|Any CPU.ActiveCfg = Release|Any CPU
		{912C87C1-EE53-42B7-AFAE-5D85BC6D310E}.Release|Any CPU.Build.0 = Release|Any CPU
		{1C142AC5-2BF3-4718-BD69-AEFAE8C9851E}.Debug|Any CPU.ActiveCfg = Debug|Any CPU
		{1C142AC5-2BF3-4718-BD69-AEFAE8C9851E}.Debug|Any CPU.Build.0 = Debug|Any CPU
		{1C142AC5-2BF3-4718-BD69-AEFAE8C9851E}.Release|Any CPU.ActiveCfg = Release|Any CPU
		{1C142AC5-2BF3-4718-BD69-AEFAE8C9851E}.Release|Any CPU.Build.0 = Release|Any CPU
		{A6697BCC-099F-493D-AC38-01F40972A28B}.Debug|Any CPU.ActiveCfg = Debug|Any CPU
		{A6697BCC-099F-493D-AC38-01F40972A28B}.Debug|Any CPU.Build.0 = Debug|Any CPU
		{A6697BCC-099F-493D-AC38-01F40972A28B}.Release|Any CPU.ActiveCfg = Release|Any CPU
		{A6697BCC-099F-493D-AC38-01F40972A28B}.Release|Any CPU.Build.0 = Release|Any CPU
		{D44E38B4-3260-47B5-81E3-47EF045EBEF2}.Debug|Any CPU.ActiveCfg = Debug|Any CPU
		{D44E38B4-3260-47B5-81E3-47EF045EBEF2}.Debug|Any CPU.Build.0 = Debug|Any CPU
		{D44E38B4-3260-47B5-81E3-47EF045EBEF2}.Release|Any CPU.ActiveCfg = Release|Any CPU
		{D44E38B4-3260-47B5-81E3-47EF045EBEF2}.Release|Any CPU.Build.0 = Release|Any CPU
		{E57EF736-0B7C-4649-ACE6-5EA1DCDAB700}.Debug|Any CPU.ActiveCfg = Debug|Any CPU
		{E57EF736-0B7C-4649-ACE6-5EA1DCDAB700}.Debug|Any CPU.Build.0 = Debug|Any CPU
		{E57EF736-0B7C-4649-ACE6-5EA1DCDAB700}.Release|Any CPU.ActiveCfg = Release|Any CPU
		{E57EF736-0B7C-4649-ACE6-5EA1DCDAB700}.Release|Any CPU.Build.0 = Release|Any CPU
		{A34BBAEB-490D-4658-9803-D7559E1AB101}.Debug|Any CPU.ActiveCfg = Debug|Any CPU
		{A34BBAEB-490D-4658-9803-D7559E1AB101}.Debug|Any CPU.Build.0 = Debug|Any CPU
		{A34BBAEB-490D-4658-9803-D7559E1AB101}.Release|Any CPU.ActiveCfg = Release|Any CPU
		{A34BBAEB-490D-4658-9803-D7559E1AB101}.Release|Any CPU.Build.0 = Release|Any CPU
		{D8A5B394-21A2-4D65-B448-8E1DC55BE416}.Debug|Any CPU.ActiveCfg = Debug|Any CPU
		{D8A5B394-21A2-4D65-B448-8E1DC55BE416}.Debug|Any CPU.Build.0 = Debug|Any CPU
		{D8A5B394-21A2-4D65-B448-8E1DC55BE416}.Release|Any CPU.ActiveCfg = Release|Any CPU
		{D8A5B394-21A2-4D65-B448-8E1DC55BE416}.Release|Any CPU.Build.0 = Release|Any CPU
		{054E615E-543E-46A2-BEC3-A8E7B7F53BA4}.Debug|Any CPU.ActiveCfg = Debug|Any CPU
		{054E615E-543E-46A2-BEC3-A8E7B7F53BA4}.Debug|Any CPU.Build.0 = Debug|Any CPU
		{054E615E-543E-46A2-BEC3-A8E7B7F53BA4}.Release|Any CPU.ActiveCfg = Release|Any CPU
		{054E615E-543E-46A2-BEC3-A8E7B7F53BA4}.Release|Any CPU.Build.0 = Release|Any CPU
		{DB27C0F2-D000-4607-8AD6-F4E9D7E971F8}.Debug|Any CPU.ActiveCfg = Debug|Any CPU
		{DB27C0F2-D000-4607-8AD6-F4E9D7E971F8}.Debug|Any CPU.Build.0 = Debug|Any CPU
		{DB27C0F2-D000-4607-8AD6-F4E9D7E971F8}.Release|Any CPU.ActiveCfg = Release|Any CPU
		{DB27C0F2-D000-4607-8AD6-F4E9D7E971F8}.Release|Any CPU.Build.0 = Release|Any CPU
		{E3176D42-19CC-4768-B9BE-DD79CEF51C90}.Debug|Any CPU.ActiveCfg = Debug|Any CPU
		{E3176D42-19CC-4768-B9BE-DD79CEF51C90}.Debug|Any CPU.Build.0 = Debug|Any CPU
		{E3176D42-19CC-4768-B9BE-DD79CEF51C90}.Release|Any CPU.ActiveCfg = Release|Any CPU
		{E3176D42-19CC-4768-B9BE-DD79CEF51C90}.Release|Any CPU.Build.0 = Release|Any CPU
		{8DC45FFD-565A-433C-8638-23DB09189DE2}.Debug|Any CPU.ActiveCfg = Debug|Any CPU
		{8DC45FFD-565A-433C-8638-23DB09189DE2}.Debug|Any CPU.Build.0 = Debug|Any CPU
		{8DC45FFD-565A-433C-8638-23DB09189DE2}.Release|Any CPU.ActiveCfg = Release|Any CPU
		{8DC45FFD-565A-433C-8638-23DB09189DE2}.Release|Any CPU.Build.0 = Release|Any CPU
		{FE8E08AE-BBE5-40F4-82D0-F88666FB12B9}.Debug|Any CPU.ActiveCfg = Debug|Any CPU
		{FE8E08AE-BBE5-40F4-82D0-F88666FB12B9}.Debug|Any CPU.Build.0 = Debug|Any CPU
		{FE8E08AE-BBE5-40F4-82D0-F88666FB12B9}.Release|Any CPU.ActiveCfg = Release|Any CPU
		{FE8E08AE-BBE5-40F4-82D0-F88666FB12B9}.Release|Any CPU.Build.0 = Release|Any CPU
		{4155BD72-FE4E-475A-88F6-6763736906FC}.Debug|Any CPU.ActiveCfg = Debug|Any CPU
		{4155BD72-FE4E-475A-88F6-6763736906FC}.Debug|Any CPU.Build.0 = Debug|Any CPU
		{4155BD72-FE4E-475A-88F6-6763736906FC}.Release|Any CPU.ActiveCfg = Release|Any CPU
		{4155BD72-FE4E-475A-88F6-6763736906FC}.Release|Any CPU.Build.0 = Release|Any CPU
	EndGlobalSection
	GlobalSection(SolutionProperties) = preSolution
		HideSolutionNode = FALSE
	EndGlobalSection
	GlobalSection(NestedProjects) = preSolution
		{A3D5B1FB-9EEF-4407-A893-3BE927C5B15D} = {02EA681E-C7D8-13C7-8484-4AC65E1B71E8}
		{7B3B6BA3-FA3C-443C-A8C3-2C0FBEC2B0CA} = {02EA681E-C7D8-13C7-8484-4AC65E1B71E8}
		{D0D375ED-0C0F-40F5-B01A-2DEB85F4E698} = {E4B59D9B-0B46-42E3-A8A8-20A1C6ABD52A}
		{3772F7A2-CE0B-4B18-8FB9-FB4C87C8D1EC} = {570875EF-DD84-4682-9240-E844BD431B61}
		{C1A3769D-ECA8-477A-B09A-B0B66F7C83A4} = {570875EF-DD84-4682-9240-E844BD431B61}
		{4B63B98D-2448-43FB-B44A-411919637768} = {13C5AA96-182E-4DB8-ABC4-0338E5E4B7D8}
		{4F4A1DF3-16F1-47E2-A170-36F708B36DF4} = {13C5AA96-182E-4DB8-ABC4-0338E5E4B7D8}
		{1C6C1607-A2E8-431A-A07E-D5210D03D413} = {3647555E-DB7C-4E03-946A-D5087C91EBA1}
		{62566F3F-F68A-422E-81BD-DF7C1545D7CC} = {3647555E-DB7C-4E03-946A-D5087C91EBA1}
		{E927F3C8-E9A5-4D6D-BE7E-903E1101832E} = {6C6A4D5E-56CF-49B9-A5EB-6ACA765BDAC8}
		{1D8B485F-34BD-4B8A-ABFC-5CBF2519B0A7} = {6C6A4D5E-56CF-49B9-A5EB-6ACA765BDAC8}
		{C645D6C4-F553-47C6-875D-DCEDDF9A683B} = {6C6A4D5E-56CF-49B9-A5EB-6ACA765BDAC8}
		{0D639799-891B-4FD3-ABC2-3F4CEBD4879F} = {6C6A4D5E-56CF-49B9-A5EB-6ACA765BDAC8}
		{EF8F8D77-2066-49D7-98DB-ED4F7E4DA8DD} = {6C6A4D5E-56CF-49B9-A5EB-6ACA765BDAC8}
		{B9CEE644-4EFD-4771-84A5-1EA3561E0ECC} = {EF8F8D77-2066-49D7-98DB-ED4F7E4DA8DD}
		{A13FEED7-FE7E-423D-BF62-AC59886E9752} = {DF5BF64E-B00E-4F58-A256-898EC17A96C4}
		{C722B043-4931-46A5-892B-30843D5385ED} = {3647555E-DB7C-4E03-946A-D5087C91EBA1}
		{10DE826E-88FB-404F-B98E-C33291FCF586} = {6C6A4D5E-56CF-49B9-A5EB-6ACA765BDAC8}
		{912C87C1-EE53-42B7-AFAE-5D85BC6D310E} = {6C6A4D5E-56CF-49B9-A5EB-6ACA765BDAC8}
		{1C142AC5-2BF3-4718-BD69-AEFAE8C9851E} = {44D5A679-A840-4D12-8340-F0E5CA40A295}
		{A6697BCC-099F-493D-AC38-01F40972A28B} = {3CF50A9A-3B21-4D24-A4B0-0DF0A955C4F3}
		{D44E38B4-3260-47B5-81E3-47EF045EBEF2} = {44D5A679-A840-4D12-8340-F0E5CA40A295}
		{E57EF736-0B7C-4649-ACE6-5EA1DCDAB700} = {69E42818-847A-4129-A929-78B3C8BE9A04}
		{A34BBAEB-490D-4658-9803-D7559E1AB101} = {44D5A679-A840-4D12-8340-F0E5CA40A295}
		{D8A5B394-21A2-4D65-B448-8E1DC55BE416} = {44D5A679-A840-4D12-8340-F0E5CA40A295}
		{054E615E-543E-46A2-BEC3-A8E7B7F53BA4} = {00AF2E5A-6279-4DD6-B690-798B2CE555F4}
		{DB27C0F2-D000-4607-8AD6-F4E9D7E971F8} = {00AF2E5A-6279-4DD6-B690-798B2CE555F4}
		{E3176D42-19CC-4768-B9BE-DD79CEF51C90} = {12213C4C-8399-4311-B428-4924973A8403}
		{8DC45FFD-565A-433C-8638-23DB09189DE2} = {12213C4C-8399-4311-B428-4924973A8403}
		{FE8E08AE-BBE5-40F4-82D0-F88666FB12B9} = {12213C4C-8399-4311-B428-4924973A8403}
		{4155BD72-FE4E-475A-88F6-6763736906FC} = {12213C4C-8399-4311-B428-4924973A8403}
	EndGlobalSection
	GlobalSection(ExtensibilityGlobals) = postSolution
		SolutionGuid = {552FEF82-C24E-4F7A-AEAB-9F07B9565766}
	EndGlobalSection
EndGlobal
