
Microsoft Visual Studio Solution File, Format Version 12.00
# Visual Studio Version 17
VisualStudioVersion = 17.14.36811.4
MinimumVisualStudioVersion = 10.0.40219.1
Project("{FAE04EC0-301F-11D3-BF4B-00C04F79EFBC}") = "CSharp101.Variables", "CSharp101.Variables\CSharp101.Variables.csproj", "{001C00AE-4F4F-4DB5-AB0E-E99642D57383}"
EndProject
Project("{FAE04EC0-301F-11D3-BF4B-00C04F79EFBC}") = "MainScope", "MainScope\MainScope.csproj", "{0858A4A9-1C0B-4BB3-8B44-D48C547D039F}"
EndProject
Project("{2150E333-8FDC-42A3-9474-1A3956D46DE8}") = "Ders2", "Ders2", "{02EA681E-C7D8-13C7-8484-4AC65E1B71E8}"
EndProject
Project("{FAE04EC0-301F-11D3-BF4B-00C04F79EFBC}") = "FormApp", "FormApp\FormApp.csproj", "{0A633E2D-4710-4DAB-AE9A-DBD951E59425}"
EndProject
Project("{FAE04EC0-301F-11D3-BF4B-00C04F79EFBC}") = "CSharp101.ConvertToType", "CSharp101.ConvertToType\CSharp101.ConvertToType.csproj", "{A3D5B1FB-9EEF-4407-A893-3BE927C5B15D}"
EndProject
Project("{FAE04EC0-301F-11D3-BF4B-00C04F79EFBC}") = "CSharp101.ConvertExample", "CSharp101.ConvertExample\CSharp101.ConvertExample.csproj", "{7B3B6BA3-FA3C-443C-A8C3-2C0FBEC2B0CA}"
EndProject
Project("{2150E333-8FDC-42A3-9474-1A3956D46DE8}") = "Ders3", "Ders3", "{E4B59D9B-0B46-42E3-A8A8-20A1C6ABD52A}"
EndProject
Project("{FAE04EC0-301F-11D3-BF4B-00C04F79EFBC}") = "CSharp101.Operators", "CSharp101.Operators\CSharp101.Operators.csproj", "{D0D375ED-0C0F-40F5-B01A-2DEB85F4E698}"
EndProject
Project("{2150E333-8FDC-42A3-9474-1A3956D46DE8}") = "Ders4", "Ders4", "{570875EF-DD84-4682-9240-E844BD431B61}"
EndProject
Project("{FAE04EC0-301F-11D3-BF4B-00C04F79EFBC}") = "CSharp101.DecisionStructures", "CSharp101.DecisionStructures\CSharp101.DecisionStructures.csproj", "{3772F7A2-CE0B-4B18-8FB9-FB4C87C8D1EC}"
EndProject
Project("{FAE04EC0-301F-11D3-BF4B-00C04F79EFBC}") = "CSharp101.Loops", "CSharp101.Loops\CSharp101.Loops.csproj", "{C1A3769D-ECA8-477A-B09A-B0B66F7C83A4}"
EndProject
Project("{2150E333-8FDC-42A3-9474-1A3956D46DE8}") = "Ders5", "Ders5", "{13C5AA96-182E-4DB8-ABC4-0338E5E4B7D8}"
EndProject
Project("{FAE04EC0-301F-11D3-BF4B-00C04F79EFBC}") = "CSharp101.Methods", "CSharp101.Methods\CSharp101.Methods.csproj", "{4B63B98D-2448-43FB-B44A-411919637768}"
EndProject
Project("{FAE04EC0-301F-11D3-BF4B-00C04F79EFBC}") = "CSharp101.MethodsExam", "CSharp101.MethodsExam\CSharp101.MethodsExam.csproj", "{4F4A1DF3-16F1-47E2-A170-36F708B36DF4}"
EndProject
Project("{2150E333-8FDC-42A3-9474-1A3956D46DE8}") = "ODEV", "ODEV", "{3647555E-DB7C-4E03-946A-D5087C91EBA1}"
EndProject
Project("{FAE04EC0-301F-11D3-BF4B-00C04F79EFBC}") = "CSharp101.Odev1", "CSharp101.Odev1\CSharp101.Odev1.csproj", "{1C6C1607-A2E8-431A-A07E-D5210D03D413}"
EndProject
Project("{FAE04EC0-301F-11D3-BF4B-00C04F79EFBC}") = "CSharp101.Odev2", "CSharp101.Odev2\CSharp101.Odev2.csproj", "{62566F3F-F68A-422E-81BD-DF7C1545D7CC}"
EndProject
Project("{FAE04EC0-301F-11D3-BF4B-00C04F79EFBC}") = "CSharp101.ForInFor", "CSharp101.ForInFor\CSharp101.ForInFor.csproj", "{917F8481-1888-4FDE-8A58-C716145BD648}"
EndProject
Project("{2150E333-8FDC-42A3-9474-1A3956D46DE8}") = "Ders6", "Ders6", "{6C6A4D5E-56CF-49B9-A5EB-6ACA765BDAC8}"
EndProject
Project("{FAE04EC0-301F-11D3-BF4B-00C04F79EFBC}") = "CSharp101.BreakAndContinue", "CSharp101.BreakAndContinue\CSharp101.BreakAndContinue.csproj", "{E927F3C8-E9A5-4D6D-BE7E-903E1101832E}"
EndProject
Project("{FAE04EC0-301F-11D3-BF4B-00C04F79EFBC}") = "CSharp101.Methods2", "CSharp101.Methods2\CSharp101.Methods2.csproj", "{1D8B485F-34BD-4B8A-ABFC-5CBF2519B0A7}"
EndProject
Project("{FAE04EC0-301F-11D3-BF4B-00C04F79EFBC}") = "CSharp101.Arrays", "CSharp101.Arrays\CSharp101.Arrays.csproj", "{C645D6C4-F553-47C6-875D-DCEDDF9A683B}"
EndProject
Project("{FAE04EC0-301F-11D3-BF4B-00C04F79EFBC}") = "CSharp101.RuzgarGulu", "CSharp101.RuzgarGulu\CSharp101.RuzgarGulu.csproj", "{0D639799-891B-4FD3-ABC2-3F4CEBD4879F}"
EndProject
Global
	GlobalSection(SolutionConfigurationPlatforms) = preSolution
		Debug|Any CPU = Debug|Any CPU
		Release|Any CPU = Release|Any CPU
	EndGlobalSection
	GlobalSection(ProjectConfigurationPlatforms) = postSolution
		{001C00AE-4F4F-4DB5-AB0E-E99642D57383}.Debug|Any CPU.ActiveCfg = Debug|Any CPU
		{001C00AE-4F4F-4DB5-AB0E-E99642D57383}.Debug|Any CPU.Build.0 = Debug|Any CPU
		{001C00AE-4F4F-4DB5-AB0E-E99642D57383}.Release|Any CPU.ActiveCfg = Release|Any CPU
		{001C00AE-4F4F-4DB5-AB0E-E99642D57383}.Release|Any CPU.Build.0 = Release|Any CPU
		{0858A4A9-1C0B-4BB3-8B44-D48C547D039F}.Debug|Any CPU.ActiveCfg = Debug|Any CPU
		{0858A4A9-1C0B-4BB3-8B44-D48C547D039F}.Debug|Any CPU.Build.0 = Debug|Any CPU
		{0858A4A9-1C0B-4BB3-8B44-D48C547D039F}.Release|Any CPU.ActiveCfg = Release|Any CPU
		{0858A4A9-1C0B-4BB3-8B44-D48C547D039F}.Release|Any CPU.Build.0 = Release|Any CPU
		{0A633E2D-4710-4DAB-AE9A-DBD951E59425}.Debug|Any CPU.ActiveCfg = Debug|Any CPU
		{0A633E2D-4710-4DAB-AE9A-DBD951E59425}.Debug|Any CPU.Build.0 = Debug|Any CPU
		{0A633E2D-4710-4DAB-AE9A-DBD951E59425}.Release|Any CPU.ActiveCfg = Release|Any CPU
		{0A633E2D-4710-4DAB-AE9A-DBD951E59425}.Release|Any CPU.Build.0 = Release|Any CPU
		{A3D5B1FB-9EEF-4407-A893-3BE927C5B15D}.Debug|Any CPU.ActiveCfg = Debug|Any CPU
		{A3D5B1FB-9EEF-4407-A893-3BE927C5B15D}.Debug|Any CPU.Build.0 = Debug|Any CPU
		{A3D5B1FB-9EEF-4407-A893-3BE927C5B15D}.Release|Any CPU.ActiveCfg = Release|Any CPU
		{A3D5B1FB-9EEF-4407-A893-3BE927C5B15D}.Release|Any CPU.Build.0 = Release|Any CPU
		{7B3B6BA3-FA3C-443C-A8C3-2C0FBEC2B0CA}.Debug|Any CPU.ActiveCfg = Debug|Any CPU
		{7B3B6BA3-FA3C-443C-A8C3-2C0FBEC2B0CA}.Debug|Any CPU.Build.0 = Debug|Any CPU
		{7B3B6BA3-FA3C-443C-A8C3-2C0FBEC2B0CA}.Release|Any CPU.ActiveCfg = Release|Any CPU
		{7B3B6BA3-FA3C-443C-A8C3-2C0FBEC2B0CA}.Release|Any CPU.Build.0 = Release|Any CPU
		{D0D375ED-0C0F-40F5-B01A-2DEB85F4E698}.Debug|Any CPU.ActiveCfg = Debug|Any CPU
		{D0D375ED-0C0F-40F5-B01A-2DEB85F4E698}.Debug|Any CPU.Build.0 = Debug|Any CPU
		{D0D375ED-0C0F-40F5-B01A-2DEB85F4E698}.Release|Any CPU.ActiveCfg = Release|Any CPU
		{D0D375ED-0C0F-40F5-B01A-2DEB85F4E698}.Release|Any CPU.Build.0 = Release|Any CPU
		{3772F7A2-CE0B-4B18-8FB9-FB4C87C8D1EC}.Debug|Any CPU.ActiveCfg = Debug|Any CPU
		{3772F7A2-CE0B-4B18-8FB9-FB4C87C8D1EC}.Debug|Any CPU.Build.0 = Debug|Any CPU
		{3772F7A2-CE0B-4B18-8FB9-FB4C87C8D1EC}.Release|Any CPU.ActiveCfg = Release|Any CPU
		{3772F7A2-CE0B-4B18-8FB9-FB4C87C8D1EC}.Release|Any CPU.Build.0 = Release|Any CPU
		{C1A3769D-ECA8-477A-B09A-B0B66F7C83A4}.Debug|Any CPU.ActiveCfg = Debug|Any CPU
		{C1A3769D-ECA8-477A-B09A-B0B66F7C83A4}.Debug|Any CPU.Build.0 = Debug|Any CPU
		{C1A3769D-ECA8-477A-B09A-B0B66F7C83A4}.Release|Any CPU.ActiveCfg = Release|Any CPU
		{C1A3769D-ECA8-477A-B09A-B0B66F7C83A4}.Release|Any CPU.Build.0 = Release|Any CPU
		{4B63B98D-2448-43FB-B44A-411919637768}.Debug|Any CPU.ActiveCfg = Debug|Any CPU
		{4B63B98D-2448-43FB-B44A-411919637768}.Debug|Any CPU.Build.0 = Debug|Any CPU
		{4B63B98D-2448-43FB-B44A-411919637768}.Release|Any CPU.ActiveCfg = Release|Any CPU
		{4B63B98D-2448-43FB-B44A-411919637768}.Release|Any CPU.Build.0 = Release|Any CPU
		{4F4A1DF3-16F1-47E2-A170-36F708B36DF4}.Debug|Any CPU.ActiveCfg = Debug|Any CPU
		{4F4A1DF3-16F1-47E2-A170-36F708B36DF4}.Debug|Any CPU.Build.0 = Debug|Any CPU
		{4F4A1DF3-16F1-47E2-A170-36F708B36DF4}.Release|Any CPU.ActiveCfg = Release|Any CPU
		{4F4A1DF3-16F1-47E2-A170-36F708B36DF4}.Release|Any CPU.Build.0 = Release|Any CPU
		{1C6C1607-A2E8-431A-A07E-D5210D03D413}.Debug|Any CPU.ActiveCfg = Debug|Any CPU
		{1C6C1607-A2E8-431A-A07E-D5210D03D413}.Debug|Any CPU.Build.0 = Debug|Any CPU
		{1C6C1607-A2E8-431A-A07E-D5210D03D413}.Release|Any CPU.ActiveCfg = Release|Any CPU
		{1C6C1607-A2E8-431A-A07E-D5210D03D413}.Release|Any CPU.Build.0 = Release|Any CPU
		{62566F3F-F68A-422E-81BD-DF7C1545D7CC}.Debug|Any CPU.ActiveCfg = Debug|Any CPU
		{62566F3F-F68A-422E-81BD-DF7C1545D7CC}.Debug|Any CPU.Build.0 = Debug|Any CPU
		{62566F3F-F68A-422E-81BD-DF7C1545D7CC}.Release|Any CPU.ActiveCfg = Release|Any CPU
		{62566F3F-F68A-422E-81BD-DF7C1545D7CC}.Release|Any CPU.Build.0 = Release|Any CPU
		{917F8481-1888-4FDE-8A58-C716145BD648}.Debug|Any CPU.ActiveCfg = Debug|Any CPU
		{917F8481-1888-4FDE-8A58-C716145BD648}.Debug|Any CPU.Build.0 = Debug|Any CPU
		{917F8481-1888-4FDE-8A58-C716145BD648}.Release|Any CPU.ActiveCfg = Release|Any CPU
		{917F8481-1888-4FDE-8A58-C716145BD648}.Release|Any CPU.Build.0 = Release|Any CPU
		{E927F3C8-E9A5-4D6D-BE7E-903E1101832E}.Debug|Any CPU.ActiveCfg = Debug|Any CPU
		{E927F3C8-E9A5-4D6D-BE7E-903E1101832E}.Debug|Any CPU.Build.0 = Debug|Any CPU
		{E927F3C8-E9A5-4D6D-BE7E-903E1101832E}.Release|Any CPU.ActiveCfg = Release|Any CPU
		{E927F3C8-E9A5-4D6D-BE7E-903E1101832E}.Release|Any CPU.Build.0 = Release|Any CPU
		{1D8B485F-34BD-4B8A-ABFC-5CBF2519B0A7}.Debug|Any CPU.ActiveCfg = Debug|Any CPU
		{1D8B485F-34BD-4B8A-ABFC-5CBF2519B0A7}.Debug|Any CPU.Build.0 = Debug|Any CPU
		{1D8B485F-34BD-4B8A-ABFC-5CBF2519B0A7}.Release|Any CPU.ActiveCfg = Release|Any CPU
		{1D8B485F-34BD-4B8A-ABFC-5CBF2519B0A7}.Release|Any CPU.Build.0 = Release|Any CPU
		{C645D6C4-F553-47C6-875D-DCEDDF9A683B}.Debug|Any CPU.ActiveCfg = Debug|Any CPU
		{C645D6C4-F553-47C6-875D-DCEDDF9A683B}.Debug|Any CPU.Build.0 = Debug|Any CPU
		{C645D6C4-F553-47C6-875D-DCEDDF9A683B}.Release|Any CPU.ActiveCfg = Release|Any CPU
		{C645D6C4-F553-47C6-875D-DCEDDF9A683B}.Release|Any CPU.Build.0 = Release|Any CPU
		{0D639799-891B-4FD3-ABC2-3F4CEBD4879F}.Debug|Any CPU.ActiveCfg = Debug|Any CPU
		{0D639799-891B-4FD3-ABC2-3F4CEBD4879F}.Debug|Any CPU.Build.0 = Debug|Any CPU
		{0D639799-891B-4FD3-ABC2-3F4CEBD4879F}.Release|Any CPU.ActiveCfg = Release|Any CPU
		{0D639799-891B-4FD3-ABC2-3F4CEBD4879F}.Release|Any CPU.Build.0 = Release|Any CPU
	EndGlobalSection
	GlobalSection(SolutionProperties) = preSolution
		HideSolutionNode = FALSE
	EndGlobalSection
	GlobalSection(NestedProjects) = preSolution
		{A3D5B1FB-9EEF-4407-A893-3BE927C5B15D} = {02EA681E-C7D8-13C7-8484-4AC65E1B71E8}
		{7B3B6BA3-FA3C-443C-A8C3-2C0FBEC2B0CA} = {02EA681E-C7D8-13C7-8484-4AC65E1B71E8}
		{D0D375ED-0C0F-40F5-B01A-2DEB85F4E698} = {E4B59D9B-0B46-42E3-A8A8-20A1C6ABD52A}
		{3772F7A2-CE0B-4B18-8FB9-FB4C87C8D1EC} = {570875EF-DD84-4682-9240-E844BD431B61}
		{C1A3769D-ECA8-477A-B09A-B0B66F7C83A4} = {570875EF-DD84-4682-9240-E844BD431B61}
		{4B63B98D-2448-43FB-B44A-411919637768} = {13C5AA96-182E-4DB8-ABC4-0338E5E4B7D8}
		{4F4A1DF3-16F1-47E2-A170-36F708B36DF4} = {13C5AA96-182E-4DB8-ABC4-0338E5E4B7D8}
		{1C6C1607-A2E8-431A-A07E-D5210D03D413} = {3647555E-DB7C-4E03-946A-D5087C91EBA1}
		{62566F3F-F68A-422E-81BD-DF7C1545D7CC} = {3647555E-DB7C-4E03-946A-D5087C91EBA1}
		{E927F3C8-E9A5-4D6D-BE7E-903E1101832E} = {6C6A4D5E-56CF-49B9-A5EB-6ACA765BDAC8}
		{1D8B485F-34BD-4B8A-ABFC-5CBF2519B0A7} = {6C6A4D5E-56CF-49B9-A5EB-6ACA765BDAC8}
		{C645D6C4-F553-47C6-875D-DCEDDF9A683B} = {6C6A4D5E-56CF-49B9-A5EB-6ACA765BDAC8}
		{0D639799-891B-4FD3-ABC2-3F4CEBD4879F} = {6C6A4D5E-56CF-49B9-A5EB-6ACA765BDAC8}
	EndGlobalSection
	GlobalSection(ExtensibilityGlobals) = postSolution
		SolutionGuid = {552FEF82-C24E-4F7A-AEAB-9F07B9565766}
	EndGlobalSection
EndGlobal
